// !$*UTF8*$!
{
	archiveVersion = 1;
	classes = {
	};
	objectVersion = 46;
	objects = {

/* Begin PBXBuildFile section */
		2D08B8F21FED028F00961D2B /* AppDelegate.swift in Sources */ = {isa = PBXBuildFile; fileRef = 2D08B8F11FED028F00961D2B /* AppDelegate.swift */; };
		2D08B8F41FED028F00961D2B /* ViewController.swift in Sources */ = {isa = PBXBuildFile; fileRef = 2D08B8F31FED028F00961D2B /* ViewController.swift */; };
		2D08B8F71FED028F00961D2B /* Main.storyboard in Resources */ = {isa = PBXBuildFile; fileRef = 2D08B8F51FED028F00961D2B /* Main.storyboard */; };
		2D08B8F91FED028F00961D2B /* Assets.xcassets in Resources */ = {isa = PBXBuildFile; fileRef = 2D08B8F81FED028F00961D2B /* Assets.xcassets */; };
		2D08B8FC1FED028F00961D2B /* LaunchScreen.storyboard in Resources */ = {isa = PBXBuildFile; fileRef = 2D08B8FA1FED028F00961D2B /* LaunchScreen.storyboard */; };
		2D08B9071FED028F00961D2B /* PartyRockTests.swift in Sources */ = {isa = PBXBuildFile; fileRef = 2D08B9061FED028F00961D2B /* PartyRockTests.swift */; };
		2D08B9121FED028F00961D2B /* PartyRockUITests.swift in Sources */ = {isa = PBXBuildFile; fileRef = 2D08B9111FED028F00961D2B /* PartyRockUITests.swift */; };
/* End PBXBuildFile section */

/* Begin PBXContainerItemProxy section */
		2D08B9031FED028F00961D2B /* PBXContainerItemProxy */ = {
			isa = PBXContainerItemProxy;
			containerPortal = 2D08B8E61FED028F00961D2B /* Project object */;
			proxyType = 1;
			remoteGlobalIDString = 2D08B8ED1FED028F00961D2B;
			remoteInfo = PartyRock;
		};
		2D08B90E1FED028F00961D2B /* PBXContainerItemProxy */ = {
			isa = PBXContainerItemProxy;
			containerPortal = 2D08B8E61FED028F00961D2B /* Project object */;
			proxyType = 1;
			remoteGlobalIDString = 2D08B8ED1FED028F00961D2B;
			remoteInfo = PartyRock;
		};
/* End PBXContainerItemProxy section */

/* Begin PBXFileReference section */
		2D08B8EE1FED028F00961D2B /* PartyRock.app */ = {isa = PBXFileReference; explicitFileType = wrapper.application; includeInIndex = 0; path = PartyRock.app; sourceTree = BUILT_PRODUCTS_DIR; };
		2D08B8F11FED028F00961D2B /* AppDelegate.swift */ = {isa = PBXFileReference; lastKnownFileType = sourcecode.swift; path = AppDelegate.swift; sourceTree = "<group>"; };
		2D08B8F31FED028F00961D2B /* ViewController.swift */ = {isa = PBXFileReference; lastKnownFileType = sourcecode.swift; path = ViewController.swift; sourceTree = "<group>"; };
		2D08B8F61FED028F00961D2B /* Base */ = {isa = PBXFileReference; lastKnownFileType = file.storyboard; name = Base; path = Base.lproj/Main.storyboard; sourceTree = "<group>"; };
		2D08B8F81FED028F00961D2B /* Assets.xcassets */ = {isa = PBXFileReference; lastKnownFileType = folder.assetcatalog; path = Assets.xcassets; sourceTree = "<group>"; };
		2D08B8FB1FED028F00961D2B /* Base */ = {isa = PBXFileReference; lastKnownFileType = file.storyboard; name = Base; path = Base.lproj/LaunchScreen.storyboard; sourceTree = "<group>"; };
		2D08B8FD1FED028F00961D2B /* Info.plist */ = {isa = PBXFileReference; lastKnownFileType = text.plist.xml; path = Info.plist; sourceTree = "<group>"; };
		2D08B9021FED028F00961D2B /* PartyRockTests.xctest */ = {isa = PBXFileReference; explicitFileType = wrapper.cfbundle; includeInIndex = 0; path = PartyRockTests.xctest; sourceTree = BUILT_PRODUCTS_DIR; };
		2D08B9061FED028F00961D2B /* PartyRockTests.swift */ = {isa = PBXFileReference; lastKnownFileType = sourcecode.swift; path = PartyRockTests.swift; sourceTree = "<group>"; };
		2D08B9081FED028F00961D2B /* Info.plist */ = {isa = PBXFileReference; lastKnownFileType = text.plist.xml; path = Info.plist; sourceTree = "<group>"; };
		2D08B90D1FED028F00961D2B /* PartyRockUITests.xctest */ = {isa = PBXFileReference; explicitFileType = wrapper.cfbundle; includeInIndex = 0; path = PartyRockUITests.xctest; sourceTree = BUILT_PRODUCTS_DIR; };
		2D08B9111FED028F00961D2B /* PartyRockUITests.swift */ = {isa = PBXFileReference; lastKnownFileType = sourcecode.swift; path = PartyRockUITests.swift; sourceTree = "<group>"; };
		2D08B9131FED028F00961D2B /* Info.plist */ = {isa = PBXFileReference; lastKnownFileType = text.plist.xml; path = Info.plist; sourceTree = "<group>"; };
/* End PBXFileReference section */

/* Begin PBXFrameworksBuildPhase section */
		2D08B8EB1FED028F00961D2B /* Frameworks */ = {
			isa = PBXFrameworksBuildPhase;
			buildActionMask = 2147483647;
			files = (
			);
			runOnlyForDeploymentPostprocessing = 0;
		};
		2D08B8FF1FED028F00961D2B /* Frameworks */ = {
			isa = PBXFrameworksBuildPhase;
			buildActionMask = 2147483647;
			files = (
			);
			runOnlyForDeploymentPostprocessing = 0;
		};
		2D08B90A1FED028F00961D2B /* Frameworks */ = {
			isa = PBXFrameworksBuildPhase;
			buildActionMask = 2147483647;
			files = (
			);
			runOnlyForDeploymentPostprocessing = 0;
		};
/* End PBXFrameworksBuildPhase section */

/* Begin PBXGroup section */
		2D08B8E51FED028F00961D2B = {
			isa = PBXGroup;
			children = (
				2D08B8F01FED028F00961D2B /* PartyRock */,
				2D08B9051FED028F00961D2B /* PartyRockTests */,
				2D08B9101FED028F00961D2B /* PartyRockUITests */,
				2D08B8EF1FED028F00961D2B /* Products */,
			);
			sourceTree = "<group>";
		};
		2D08B8EF1FED028F00961D2B /* Products */ = {
			isa = PBXGroup;
			children = (
				2D08B8EE1FED028F00961D2B /* PartyRock.app */,
				2D08B9021FED028F00961D2B /* PartyRockTests.xctest */,
				2D08B90D1FED028F00961D2B /* PartyRockUITests.xctest */,
			);
			name = Products;
			sourceTree = "<group>";
		};
		2D08B8F01FED028F00961D2B /* PartyRock */ = {
			isa = PBXGroup;
			children = (
				2D08B8F11FED028F00961D2B /* AppDelegate.swift */,
				2D08B8F31FED028F00961D2B /* ViewController.swift */,
				2D08B8F51FED028F00961D2B /* Main.storyboard */,
				2D08B8F81FED028F00961D2B /* Assets.xcassets */,
				2D08B8FA1FED028F00961D2B /* LaunchScreen.storyboard */,
				2D08B8FD1FED028F00961D2B /* Info.plist */,
			);
			path = PartyRock;
			sourceTree = "<group>";
		};
		2D08B9051FED028F00961D2B /* PartyRockTests */ = {
			isa = PBXGroup;
			children = (
				2D08B9061FED028F00961D2B /* PartyRockTests.swift */,
				2D08B9081FED028F00961D2B /* Info.plist */,
			);
			path = PartyRockTests;
			sourceTree = "<group>";
		};
		2D08B9101FED028F00961D2B /* PartyRockUITests */ = {
			isa = PBXGroup;
			children = (
				2D08B9111FED028F00961D2B /* PartyRockUITests.swift */,
				2D08B9131FED028F00961D2B /* Info.plist */,
			);
			path = PartyRockUITests;
			sourceTree = "<group>";
		};
/* End PBXGroup section */

/* Begin PBXNativeTarget section */
		2D08B8ED1FED028F00961D2B /* PartyRock */ = {
			isa = PBXNativeTarget;
			buildConfigurationList = 2D08B9161FED028F00961D2B /* Build configuration list for PBXNativeTarget "PartyRock" */;
			buildPhases = (
				2D08B8EA1FED028F00961D2B /* Sources */,
				2D08B8EB1FED028F00961D2B /* Frameworks */,
				2D08B8EC1FED028F00961D2B /* Resources */,
			);
			buildRules = (
			);
			dependencies = (
			);
			name = PartyRock;
			productName = PartyRock;
			productReference = 2D08B8EE1FED028F00961D2B /* PartyRock.app */;
			productType = "com.apple.product-type.application";
		};
		2D08B9011FED028F00961D2B /* PartyRockTests */ = {
			isa = PBXNativeTarget;
			buildConfigurationList = 2D08B9191FED028F00961D2B /* Build configuration list for PBXNativeTarget "PartyRockTests" */;
			buildPhases = (
				2D08B8FE1FED028F00961D2B /* Sources */,
				2D08B8FF1FED028F00961D2B /* Frameworks */,
				2D08B9001FED028F00961D2B /* Resources */,
			);
			buildRules = (
			);
			dependencies = (
				2D08B9041FED028F00961D2B /* PBXTargetDependency */,
			);
			name = PartyRockTests;
			productName = PartyRockTests;
			productReference = 2D08B9021FED028F00961D2B /* PartyRockTests.xctest */;
			productType = "com.apple.product-type.bundle.unit-test";
		};
		2D08B90C1FED028F00961D2B /* PartyRockUITests */ = {
			isa = PBXNativeTarget;
			buildConfigurationList = 2D08B91C1FED028F00961D2B /* Build configuration list for PBXNativeTarget "PartyRockUITests" */;
			buildPhases = (
				2D08B9091FED028F00961D2B /* Sources */,
				2D08B90A1FED028F00961D2B /* Frameworks */,
				2D08B90B1FED028F00961D2B /* Resources */,
			);
			buildRules = (
			);
			dependencies = (
				2D08B90F1FED028F00961D2B /* PBXTargetDependency */,
			);
			name = PartyRockUITests;
			productName = PartyRockUITests;
			productReference = 2D08B90D1FED028F00961D2B /* PartyRockUITests.xctest */;
			productType = "com.apple.product-type.bundle.ui-testing";
		};
/* End PBXNativeTarget section */

/* Begin PBXProject section */
		2D08B8E61FED028F00961D2B /* Project object */ = {
			isa = PBXProject;
			attributes = {
				LastSwiftUpdateCheck = 0820;
				LastUpgradeCheck = 0820;
				ORGANIZATIONNAME = studentas;
				TargetAttributes = {
					2D08B8ED1FED028F00961D2B = {
						CreatedOnToolsVersion = 8.2.1;
						ProvisioningStyle = Automatic;
					};
					2D08B9011FED028F00961D2B = {
						CreatedOnToolsVersion = 8.2.1;
						ProvisioningStyle = Automatic;
						TestTargetID = 2D08B8ED1FED028F00961D2B;
					};
					2D08B90C1FED028F00961D2B = {
						CreatedOnToolsVersion = 8.2.1;
						ProvisioningStyle = Automatic;
						TestTargetID = 2D08B8ED1FED028F00961D2B;
					};
				};
			};
			buildConfigurationList = 2D08B8E91FED028F00961D2B /* Build configuration list for PBXProject "PartyRock" */;
			compatibilityVersion = "Xcode 3.2";
			developmentRegion = English;
			hasScannedForEncodings = 0;
			knownRegions = (
				en,
				Base,
			);
			mainGroup = 2D08B8E51FED028F00961D2B;
			productRefGroup = 2D08B8EF1FED028F00961D2B /* Products */;
			projectDirPath = "";
			projectRoot = "";
			targets = (
				2D08B8ED1FED028F00961D2B /* PartyRock */,
				2D08B9011FED028F00961D2B /* PartyRockTests */,
				2D08B90C1FED028F00961D2B /* PartyRockUITests */,
			);
		};
/* End PBXProject section */

/* Begin PBXResourcesBuildPhase section */
		2D08B8EC1FED028F00961D2B /* Resources */ = {
			isa = PBXResourcesBuildPhase;
			buildActionMask = 2147483647;
			files = (
				2D08B8FC1FED028F00961D2B /* LaunchScreen.storyboard in Resources */,
				2D08B8F91FED028F00961D2B /* Assets.xcassets in Resources */,
				2D08B8F71FED028F00961D2B /* Main.storyboard in Resources */,
			);
			runOnlyForDeploymentPostprocessing = 0;
		};
		2D08B9001FED028F00961D2B /* Resources */ = {
			isa = PBXResourcesBuildPhase;
			buildActionMask = 2147483647;
			files = (
			);
			runOnlyForDeploymentPostprocessing = 0;
		};
		2D08B90B1FED028F00961D2B /* Resources */ = {
			isa = PBXResourcesBuildPhase;
			buildActionMask = 2147483647;
			files = (
			);
			runOnlyForDeploymentPostprocessing = 0;
		};
/* End PBXResourcesBuildPhase section */

/* Begin PBXSourcesBuildPhase section */
		2D08B8EA1FED028F00961D2B /* Sources */ = {
			isa = PBXSourcesBuildPhase;
			buildActionMask = 2147483647;
			files = (
				2D08B8F41FED028F00961D2B /* ViewController.swift in Sources */,
				2D08B8F21FED028F00961D2B /* AppDelegate.swift in Sources */,
			);
			runOnlyForDeploymentPostprocessing = 0;
		};
		2D08B8FE1FED028F00961D2B /* Sources */ = {
			isa = PBXSourcesBuildPhase;
			buildActionMask = 2147483647;
			files = (
				2D08B9071FED028F00961D2B /* PartyRockTests.swift in Sources */,
			);
			runOnlyForDeploymentPostprocessing = 0;
		};
		2D08B9091FED028F00961D2B /* Sources */ = {
			isa = PBXSourcesBuildPhase;
			buildActionMask = 2147483647;
			files = (
				2D08B9121FED028F00961D2B /* PartyRockUITests.swift in Sources */,
			);
			runOnlyForDeploymentPostprocessing = 0;
		};
/* End PBXSourcesBuildPhase section */

/* Begin PBXTargetDependency section */
		2D08B9041FED028F00961D2B /* PBXTargetDependency */ = {
			isa = PBXTargetDependency;
			target = 2D08B8ED1FED028F00961D2B /* PartyRock */;
			targetProxy = 2D08B9031FED028F00961D2B /* PBXContainerItemProxy */;
		};
		2D08B90F1FED028F00961D2B /* PBXTargetDependency */ = {
			isa = PBXTargetDependency;
			target = 2D08B8ED1FED028F00961D2B /* PartyRock */;
			targetProxy = 2D08B90E1FED028F00961D2B /* PBXContainerItemProxy */;
		};
/* End PBXTargetDependency section */

/* Begin PBXVariantGroup section */
		2D08B8F51FED028F00961D2B /* Main.storyboard */ = {
			isa = PBXVariantGroup;
			children = (
				2D08B8F61FED028F00961D2B /* Base */,
			);
			name = Main.storyboard;
			sourceTree = "<group>";
		};
		2D08B8FA1FED028F00961D2B /* LaunchScreen.storyboard */ = {
			isa = PBXVariantGroup;
			children = (
				2D08B8FB1FED028F00961D2B /* Base */,
			);
			name = LaunchScreen.storyboard;
			sourceTree = "<group>";
		};
/* End PBXVariantGroup section */

/* Begin XCBuildConfiguration section */
		2D08B9141FED028F00961D2B /* Debug */ = {
			isa = XCBuildConfiguration;
			buildSettings = {
				ALWAYS_SEARCH_USER_PATHS = NO;
				CLANG_ANALYZER_NONNULL = YES;
				CLANG_CXX_LANGUAGE_STANDARD = "gnu++0x";
				CLANG_CXX_LIBRARY = "libc++";
				CLANG_ENABLE_MODULES = YES;
				CLANG_ENABLE_OBJC_ARC = YES;
				CLANG_WARN_BOOL_CONVERSION = YES;
				CLANG_WARN_CONSTANT_CONVERSION = YES;
				CLANG_WARN_DIRECT_OBJC_ISA_USAGE = YES_ERROR;
				CLANG_WARN_DOCUMENTATION_COMMENTS = YES;
				CLANG_WARN_EMPTY_BODY = YES;
				CLANG_WARN_ENUM_CONVERSION = YES;
				CLANG_WARN_INFINITE_RECURSION = YES;
				CLANG_WARN_INT_CONVERSION = YES;
				CLANG_WARN_OBJC_ROOT_CLASS = YES_ERROR;
				CLANG_WARN_SUSPICIOUS_MOVE = YES;
				CLANG_WARN_UNREACHABLE_CODE = YES;
				CLANG_WARN__DUPLICATE_METHOD_MATCH = YES;
				"CODE_SIGN_IDENTITY[sdk=iphoneos*]" = "iPhone Developer";
				COPY_PHASE_STRIP = NO;
				DEBUG_INFORMATION_FORMAT = dwarf;
				ENABLE_STRICT_OBJC_MSGSEND = YES;
				ENABLE_TESTABILITY = YES;
				GCC_C_LANGUAGE_STANDARD = gnu99;
				GCC_DYNAMIC_NO_PIC = NO;
				GCC_NO_COMMON_BLOCKS = YES;
				GCC_OPTIMIZATION_LEVEL = 0;
				GCC_PREPROCESSOR_DEFINITIONS = (
					"DEBUG=1",
					"$(inherited)",
				);
				GCC_WARN_64_TO_32_BIT_CONVERSION = YES;
				GCC_WARN_ABOUT_RETURN_TYPE = YES_ERROR;
				GCC_WARN_UNDECLARED_SELECTOR = YES;
				GCC_WARN_UNINITIALIZED_AUTOS = YES_AGGRESSIVE;
				GCC_WARN_UNUSED_FUNCTION = YES;
				GCC_WARN_UNUSED_VARIABLE = YES;
				IPHONEOS_DEPLOYMENT_TARGET = 10.2;
				MTL_ENABLE_DEBUG_INFO = YES;
				ONLY_ACTIVE_ARCH = YES;
				SDKROOT = iphoneos;
				SWIFT_ACTIVE_COMPILATION_CONDITIONS = DEBUG;
				SWIFT_OPTIMIZATION_LEVEL = "-Onone";
			};
			name = Debug;
		};
		2D08B9151FED028F00961D2B /* Release */ = {
			isa = XCBuildConfiguration;
			buildSettings = {
				ALWAYS_SEARCH_USER_PATHS = NO;
				CLANG_ANALYZER_NONNULL = YES;
				CLANG_CXX_LANGUAGE_STANDARD = "gnu++0x";
				CLANG_CXX_LIBRARY = "libc++";
				CLANG_ENABLE_MODULES = YES;
				CLANG_ENABLE_OBJC_ARC = YES;
				CLANG_WARN_BOOL_CONVERSION = YES;
				CLANG_WARN_CONSTANT_CONVERSION = YES;
				CLANG_WARN_DIRECT_OBJC_ISA_USAGE = YES_ERROR;
				CLANG_WARN_DOCUMENTATION_COMMENTS = YES;
				CLANG_WARN_EMPTY_BODY = YES;
				CLANG_WARN_ENUM_CONVERSION = YES;
				CLANG_WARN_INFINITE_RECURSION = YES;
				CLANG_WARN_INT_CONVERSION = YES;
				CLANG_WARN_OBJC_ROOT_CLASS = YES_ERROR;
				CLANG_WARN_SUSPICIOUS_MOVE = YES;
				CLANG_WARN_UNREACHABLE_CODE = YES;
				CLANG_WARN__DUPLICATE_METHOD_MATCH = YES;
				"CODE_SIGN_IDENTITY[sdk=iphoneos*]" = "iPhone Developer";
				COPY_PHASE_STRIP = NO;
				DEBUG_INFORMATION_FORMAT = "dwarf-with-dsym";
				ENABLE_NS_ASSERTIONS = NO;
				ENABLE_STRICT_OBJC_MSGSEND = YES;
				GCC_C_LANGUAGE_STANDARD = gnu99;
				GCC_NO_COMMON_BLOCKS = YES;
				GCC_WARN_64_TO_32_BIT_CONVERSION = YES;
				GCC_WARN_ABOUT_RETURN_TYPE = YES_ERROR;
				GCC_WARN_UNDECLARED_SELECTOR = YES;
				GCC_WARN_UNINITIALIZED_AUTOS = YES_AGGRESSIVE;
				GCC_WARN_UNUSED_FUNCTION = YES;
				GCC_WARN_UNUSED_VARIABLE = YES;
				IPHONEOS_DEPLOYMENT_TARGET = 10.2;
				MTL_ENABLE_DEBUG_INFO = NO;
				SDKROOT = iphoneos;
				SWIFT_OPTIMIZATION_LEVEL = "-Owholemodule";
				VALIDATE_PRODUCT = YES;
			};
			name = Release;
		};
		2D08B9171FED028F00961D2B /* Debug */ = {
			isa = XCBuildConfiguration;
			buildSettings = {
				ASSETCATALOG_COMPILER_APPICON_NAME = AppIcon;
				INFOPLIST_FILE = PartyRock/Info.plist;
				LD_RUNPATH_SEARCH_PATHS = "$(inherited) @executable_path/Frameworks";
				PRODUCT_BUNDLE_IDENTIFIER = com.raushan.PartyRock;
				PRODUCT_NAME = "$(TARGET_NAME)";
				SWIFT_VERSION = 3.0;
			};
			name = Debug;
		};
		2D08B9181FED028F00961D2B /* Release */ = {
			isa = XCBuildConfiguration;
			buildSettings = {
				ASSETCATALOG_COMPILER_APPICON_NAME = AppIcon;
				INFOPLIST_FILE = PartyRock/Info.plist;
				LD_RUNPATH_SEARCH_PATHS = "$(inherited) @executable_path/Frameworks";
				PRODUCT_BUNDLE_IDENTIFIER = com.raushan.PartyRock;
				PRODUCT_NAME = "$(TARGET_NAME)";
				SWIFT_VERSION = 3.0;
			};
			name = Release;
		};
		2D08B91A1FED028F00961D2B /* Debug */ = {
			isa = XCBuildConfiguration;
			buildSettings = {
				ALWAYS_EMBED_SWIFT_STANDARD_LIBRARIES = YES;
				BUNDLE_LOADER = "$(TEST_HOST)";
				INFOPLIST_FILE = PartyRockTests/Info.plist;
				LD_RUNPATH_SEARCH_PATHS = "$(inherited) @executable_path/Frameworks @loader_path/Frameworks";
				PRODUCT_BUNDLE_IDENTIFIER = com.raushan.PartyRockTests;
				PRODUCT_NAME = "$(TARGET_NAME)";
				SWIFT_VERSION = 3.0;
				TEST_HOST = "$(BUILT_PRODUCTS_DIR)/PartyRock.app/PartyRock";
			};
			name = Debug;
		};
		2D08B91B1FED028F00961D2B /* Release */ = {
			isa = XCBuildConfiguration;
			buildSettings = {
				ALWAYS_EMBED_SWIFT_STANDARD_LIBRARIES = YES;
				BUNDLE_LOADER = "$(TEST_HOST)";
				INFOPLIST_FILE = PartyRockTests/Info.plist;
				LD_RUNPATH_SEARCH_PATHS = "$(inherited) @executable_path/Frameworks @loader_path/Frameworks";
				PRODUCT_BUNDLE_IDENTIFIER = com.raushan.PartyRockTests;
				PRODUCT_NAME = "$(TARGET_NAME)";
				SWIFT_VERSION = 3.0;
				TEST_HOST = "$(BUILT_PRODUCTS_DIR)/PartyRock.app/PartyRock";
			};
			name = Release;
		};
		2D08B91D1FED028F00961D2B /* Debug */ = {
			isa = XCBuildConfiguration;
			buildSettings = {
				ALWAYS_EMBED_SWIFT_STANDARD_LIBRARIES = YES;
				INFOPLIST_FILE = PartyRockUITests/Info.plist;
				LD_RUNPATH_SEARCH_PATHS = "$(inherited) @executable_path/Frameworks @loader_path/Frameworks";
				PRODUCT_BUNDLE_IDENTIFIER = com.raushan.PartyRockUITests;
				PRODUCT_NAME = "$(TARGET_NAME)";
				SWIFT_VERSION = 3.0;
				TEST_TARGET_NAME = PartyRock;
			};
			name = Debug;
		};
		2D08B91E1FED028F00961D2B /* Release */ = {
			isa = XCBuildConfiguration;
			buildSettings = {
				ALWAYS_EMBED_SWIFT_STANDARD_LIBRARIES = YES;
				INFOPLIST_FILE = PartyRockUITests/Info.plist;
				LD_RUNPATH_SEARCH_PATHS = "$(inherited) @executable_path/Frameworks @loader_path/Frameworks";
				PRODUCT_BUNDLE_IDENTIFIER = com.raushan.PartyRockUITests;
				PRODUCT_NAME = "$(TARGET_NAME)";
				SWIFT_VERSION = 3.0;
				TEST_TARGET_NAME = PartyRock;
			};
			name = Release;
		};
/* End XCBuildConfiguration section */

/* Begin XCConfigurationList section */
		2D08B8E91FED028F00961D2B /* Build configuration list for PBXProject "PartyRock" */ = {
			isa = XCConfigurationList;
			buildConfigurations = (
				2D08B9141FED028F00961D2B /* Debug */,
				2D08B9151FED028F00961D2B /* Release */,
			);
			defaultConfigurationIsVisible = 0;
			defaultConfigurationName = Release;
		};
		2D08B9161FED028F00961D2B /* Build configuration list for PBXNativeTarget "PartyRock" */ = {
			isa = XCConfigurationList;
			buildConfigurations = (
				2D08B9171FED028F00961D2B /* Debug */,
				2D08B9181FED028F00961D2B /* Release */,
			);
			defaultConfigurationIsVisible = 0;
		};
		2D08B9191FED028F00961D2B /* Build configuration list for PBXNativeTarget "PartyRockTests" */ = {
			isa = XCConfigurationList;
			buildConfigurations = (
				2D08B91A1FED028F00961D2B /* Debug */,
				2D08B91B1FED028F00961D2B /* Release */,
			);
			defaultConfigurationIsVisible = 0;
		};
		2D08B91C1FED028F00961D2B /* Build configuration list for PBXNativeTarget "PartyRockUITests" */ = {
			isa = XCConfigurationList;
			buildConfigurations = (
				2D08B91D1FED028F00961D2B /* Debug */,
				2D08B91E1FED028F00961D2B /* Release */,
			);
			defaultConfigurationIsVisible = 0;
		};
/* End XCConfigurationList section */
	};
	rootObject = 2D08B8E61FED028F00961D2B /* Project object */;
}
